
Microsoft Visual Studio Solution File, Format Version 12.00
Project("{FAE04EC0-301F-11D3-BF4B-00C04F79EFBC}") = "PowerClient", "PowerClient\PowerClient.csproj", "{098547C8-B3DF-4DBA-8EEB-763EB54F6C78}"
EndProject
Project("{FAE04EC0-301F-11D3-BF4B-00C04F79EFBC}") = "ClientCommon", "ClientCommon\ClientCommon.csproj", "{0B5E41C8-6EBD-4760-AD0E-A30CF3D6FB05}"
EndProject
Project("{FAE04EC0-301F-11D3-BF4B-00C04F79EFBC}") = "PowerBIService", "PowerBIService\PowerBIService.csproj", "{79B3087A-C5C6-4D65-86F8-C09A3E45BA70}"
EndProject
Project("{FAE04EC0-301F-11D3-BF4B-00C04F79EFBC}") = "PowerBI.Api", "PowerBI.Api\PowerBI.Api.csproj", "{4EDCA924-8103-4FB5-91BA-2E8408AC741B}"
EndProject
Project("{FAE04EC0-301F-11D3-BF4B-00C04F79EFBC}") = "PowerBi.Api.Core", "PowerBi.Api.Core\PowerBi.Api.Core.csproj", "{6528804F-B3F3-4F7C-A95E-A4073B7447EE}"
EndProject
Project("{FAE04EC0-301F-11D3-BF4B-00C04F79EFBC}") = "PowerConsole", "PowerConsole\PowerConsole.csproj", "{42DF123E-0B2E-4F6E-8470-E5FD9532AB44}"
EndProject
Global
	GlobalSection(SolutionConfigurationPlatforms) = preSolution
		Debug|Any CPU = Debug|Any CPU
		Release|Any CPU = Release|Any CPU
	EndGlobalSection
	GlobalSection(ProjectConfigurationPlatforms) = postSolution
		{098547C8-B3DF-4DBA-8EEB-763EB54F6C78}.Debug|Any CPU.ActiveCfg = Debug|Any CPU
		{098547C8-B3DF-4DBA-8EEB-763EB54F6C78}.Debug|Any CPU.Build.0 = Debug|Any CPU
		{098547C8-B3DF-4DBA-8EEB-763EB54F6C78}.Release|Any CPU.ActiveCfg = Release|Any CPU
		{098547C8-B3DF-4DBA-8EEB-763EB54F6C78}.Release|Any CPU.Build.0 = Release|Any CPU
		{0B5E41C8-6EBD-4760-AD0E-A30CF3D6FB05}.Debug|Any CPU.ActiveCfg = Debug|Any CPU
		{0B5E41C8-6EBD-4760-AD0E-A30CF3D6FB05}.Debug|Any CPU.Build.0 = Debug|Any CPU
		{0B5E41C8-6EBD-4760-AD0E-A30CF3D6FB05}.Release|Any CPU.ActiveCfg = Release|Any CPU
		{0B5E41C8-6EBD-4760-AD0E-A30CF3D6FB05}.Release|Any CPU.Build.0 = Release|Any CPU
		{79B3087A-C5C6-4D65-86F8-C09A3E45BA70}.Debug|Any CPU.ActiveCfg = Debug|Any CPU
		{79B3087A-C5C6-4D65-86F8-C09A3E45BA70}.Debug|Any CPU.Build.0 = Debug|Any CPU
		{79B3087A-C5C6-4D65-86F8-C09A3E45BA70}.Release|Any CPU.ActiveCfg = Release|Any CPU
		{79B3087A-C5C6-4D65-86F8-C09A3E45BA70}.Release|Any CPU.Build.0 = Release|Any CPU
		{4EDCA924-8103-4FB5-91BA-2E8408AC741B}.Debug|Any CPU.ActiveCfg = Debug|Any CPU
		{4EDCA924-8103-4FB5-91BA-2E8408AC741B}.Debug|Any CPU.Build.0 = Debug|Any CPU
		{4EDCA924-8103-4FB5-91BA-2E8408AC741B}.Release|Any CPU.ActiveCfg = Release|Any CPU
		{4EDCA924-8103-4FB5-91BA-2E8408AC741B}.Release|Any CPU.Build.0 = Release|Any CPU
		{6528804F-B3F3-4F7C-A95E-A4073B7447EE}.Debug|Any CPU.ActiveCfg = Debug|Any CPU
		{6528804F-B3F3-4F7C-A95E-A4073B7447EE}.Debug|Any CPU.Build.0 = Debug|Any CPU
		{6528804F-B3F3-4F7C-A95E-A4073B7447EE}.Release|Any CPU.ActiveCfg = Release|Any CPU
		{6528804F-B3F3-4F7C-A95E-A4073B7447EE}.Release|Any CPU.Build.0 = Release|Any CPU
		{42DF123E-0B2E-4F6E-8470-E5FD9532AB44}.Debug|Any CPU.ActiveCfg = Debug|Any CPU
		{42DF123E-0B2E-4F6E-8470-E5FD9532AB44}.Debug|Any CPU.Build.0 = Debug|Any CPU
		{42DF123E-0B2E-4F6E-8470-E5FD9532AB44}.Release|Any CPU.ActiveCfg = Release|Any CPU
		{42DF123E-0B2E-4F6E-8470-E5FD9532AB44}.Release|Any CPU.Build.0 = Release|Any CPU
	EndGlobalSection
EndGlobal
